// !$*UTF8*$!
{
	archiveVersion = 1;
	classes = {
	};
	objectVersion = 48;
	objects = {

/* Begin PBXBuildFile section */
		017D97A0202BB096009F2F7E /* Setting+CoreDataClass.swift in Sources */ = {isa = PBXBuildFile; fileRef = 017D979E202BB096009F2F7E /* Setting+CoreDataClass.swift */; };
		017D97A1202BB096009F2F7E /* Setting+CoreDataProperties.swift in Sources */ = {isa = PBXBuildFile; fileRef = 017D979F202BB096009F2F7E /* Setting+CoreDataProperties.swift */; };
		017D97A3202CC087009F2F7E /* Knobs.swift in Sources */ = {isa = PBXBuildFile; fileRef = 017D97A2202CC087009F2F7E /* Knobs.swift */; };
		01A58F3B200FF4DD00DD5BF3 /* StompboxDetailViewController.swift in Sources */ = {isa = PBXBuildFile; fileRef = 01A58F3A200FF4DD00DD5BF3 /* StompboxDetailViewController.swift */; };
		01CAEB76202385E200AC556B /* Stompbox+CoreDataClass.swift in Sources */ = {isa = PBXBuildFile; fileRef = 01CAEB72202385E200AC556B /* Stompbox+CoreDataClass.swift */; };
		01CAEB77202385E200AC556B /* Stompbox+CoreDataProperties.swift in Sources */ = {isa = PBXBuildFile; fileRef = 01CAEB73202385E200AC556B /* Stompbox+CoreDataProperties.swift */; };
		01CAEB7B2023866400AC556B /* Knob.swift in Sources */ = {isa = PBXBuildFile; fileRef = 01CAEB7A2023866400AC556B /* Knob.swift */; };
		01CAEB802023AFCB00AC556B /* Switch.swift in Sources */ = {isa = PBXBuildFile; fileRef = 01CAEB7F2023AFCB00AC556B /* Switch.swift */; };
		01CAEB882028B8B500AC556B /* SettingObject.swift in Sources */ = {isa = PBXBuildFile; fileRef = 01CAEB872028B8B500AC556B /* SettingObject.swift */; };
		01CAEB8F202A427800AC556B /* SettingCell.swift in Sources */ = {isa = PBXBuildFile; fileRef = 01CAEB8E202A427800AC556B /* SettingCell.swift */; };
		01CAEB91202A42FE00AC556B /* KnobView.swift in Sources */ = {isa = PBXBuildFile; fileRef = 01CAEB90202A42FE00AC556B /* KnobView.swift */; };
		01EB574F2000123700686767 /* AppDelegate.swift in Sources */ = {isa = PBXBuildFile; fileRef = 01EB574E2000123700686767 /* AppDelegate.swift */; };
		01EB57542000123700686767 /* Main.storyboard in Resources */ = {isa = PBXBuildFile; fileRef = 01EB57522000123700686767 /* Main.storyboard */; };
		01EB57572000123700686767 /* Stompbox_2.xcdatamodeld in Sources */ = {isa = PBXBuildFile; fileRef = 01EB57552000123700686767 /* Stompbox_2.xcdatamodeld */; };
		01EB57592000123700686767 /* Assets.xcassets in Resources */ = {isa = PBXBuildFile; fileRef = 01EB57582000123700686767 /* Assets.xcassets */; };
		01EB575C2000123700686767 /* LaunchScreen.storyboard in Resources */ = {isa = PBXBuildFile; fileRef = 01EB575A2000123700686767 /* LaunchScreen.storyboard */; };
		01EB57642000130C00686767 /* Functions.swift in Sources */ = {isa = PBXBuildFile; fileRef = 01EB57632000130C00686767 /* Functions.swift */; };
		01EB576A2000562800686767 /* StompboxViewController.swift in Sources */ = {isa = PBXBuildFile; fileRef = 01EB57692000562800686767 /* StompboxViewController.swift */; };
		01EB576C2000578800686767 /* StompboxCell.swift in Sources */ = {isa = PBXBuildFile; fileRef = 01EB576B2000578800686767 /* StompboxCell.swift */; };
		01EB576E200058D700686767 /* CoreDataStack.swift in Sources */ = {isa = PBXBuildFile; fileRef = 01EB576D200058D700686767 /* CoreDataStack.swift */; };
/* End PBXBuildFile section */

/* Begin PBXFileReference section */
		017D979E202BB096009F2F7E /* Setting+CoreDataClass.swift */ = {isa = PBXFileReference; lastKnownFileType = sourcecode.swift; path = "Setting+CoreDataClass.swift"; sourceTree = "<group>"; };
		017D979F202BB096009F2F7E /* Setting+CoreDataProperties.swift */ = {isa = PBXFileReference; lastKnownFileType = sourcecode.swift; path = "Setting+CoreDataProperties.swift"; sourceTree = "<group>"; };
		017D97A2202CC087009F2F7E /* Knobs.swift */ = {isa = PBXFileReference; lastKnownFileType = sourcecode.swift; path = Knobs.swift; sourceTree = "<group>"; };
		01A58F3A200FF4DD00DD5BF3 /* StompboxDetailViewController.swift */ = {isa = PBXFileReference; lastKnownFileType = sourcecode.swift; path = StompboxDetailViewController.swift; sourceTree = "<group>"; };
		01CAEB72202385E200AC556B /* Stompbox+CoreDataClass.swift */ = {isa = PBXFileReference; lastKnownFileType = sourcecode.swift; path = "Stompbox+CoreDataClass.swift"; sourceTree = "<group>"; };
		01CAEB73202385E200AC556B /* Stompbox+CoreDataProperties.swift */ = {isa = PBXFileReference; lastKnownFileType = sourcecode.swift; path = "Stompbox+CoreDataProperties.swift"; sourceTree = "<group>"; };
		01CAEB7A2023866400AC556B /* Knob.swift */ = {isa = PBXFileReference; lastKnownFileType = sourcecode.swift; path = Knob.swift; sourceTree = "<group>"; };
		01CAEB7F2023AFCB00AC556B /* Switch.swift */ = {isa = PBXFileReference; lastKnownFileType = sourcecode.swift; path = Switch.swift; sourceTree = "<group>"; };
		01CAEB872028B8B500AC556B /* SettingObject.swift */ = {isa = PBXFileReference; lastKnownFileType = sourcecode.swift; path = SettingObject.swift; sourceTree = "<group>"; };
		01CAEB8E202A427800AC556B /* SettingCell.swift */ = {isa = PBXFileReference; lastKnownFileType = sourcecode.swift; path = SettingCell.swift; sourceTree = "<group>"; };
		01CAEB90202A42FE00AC556B /* KnobView.swift */ = {isa = PBXFileReference; lastKnownFileType = sourcecode.swift; path = KnobView.swift; sourceTree = "<group>"; };
		01EB574B2000123700686767 /* Stompbox_2.app */ = {isa = PBXFileReference; explicitFileType = wrapper.application; includeInIndex = 0; path = Stompbox_2.app; sourceTree = BUILT_PRODUCTS_DIR; };
		01EB574E2000123700686767 /* AppDelegate.swift */ = {isa = PBXFileReference; lastKnownFileType = sourcecode.swift; path = AppDelegate.swift; sourceTree = "<group>"; };
		01EB57532000123700686767 /* Base */ = {isa = PBXFileReference; lastKnownFileType = file.storyboard; name = Base; path = Base.lproj/Main.storyboard; sourceTree = "<group>"; };
		01EB57562000123700686767 /* Stompbox_2.xcdatamodel */ = {isa = PBXFileReference; lastKnownFileType = wrapper.xcdatamodel; path = Stompbox_2.xcdatamodel; sourceTree = "<group>"; };
		01EB57582000123700686767 /* Assets.xcassets */ = {isa = PBXFileReference; lastKnownFileType = folder.assetcatalog; path = Assets.xcassets; sourceTree = "<group>"; };
		01EB575B2000123700686767 /* Base */ = {isa = PBXFileReference; lastKnownFileType = file.storyboard; name = Base; path = Base.lproj/LaunchScreen.storyboard; sourceTree = "<group>"; };
		01EB575D2000123800686767 /* Info.plist */ = {isa = PBXFileReference; lastKnownFileType = text.plist.xml; path = Info.plist; sourceTree = "<group>"; };
		01EB57632000130C00686767 /* Functions.swift */ = {isa = PBXFileReference; lastKnownFileType = sourcecode.swift; path = Functions.swift; sourceTree = "<group>"; };
		01EB57692000562800686767 /* StompboxViewController.swift */ = {isa = PBXFileReference; lastKnownFileType = sourcecode.swift; path = StompboxViewController.swift; sourceTree = "<group>"; };
		01EB576B2000578800686767 /* StompboxCell.swift */ = {isa = PBXFileReference; lastKnownFileType = sourcecode.swift; path = StompboxCell.swift; sourceTree = "<group>"; };
		01EB576D200058D700686767 /* CoreDataStack.swift */ = {isa = PBXFileReference; lastKnownFileType = sourcecode.swift; path = CoreDataStack.swift; sourceTree = "<group>"; };
/* End PBXFileReference section */

/* Begin PBXFrameworksBuildPhase section */
		01EB57482000123700686767 /* Frameworks */ = {
			isa = PBXFrameworksBuildPhase;
			buildActionMask = 2147483647;
			files = (
			);
			runOnlyForDeploymentPostprocessing = 0;
		};
/* End PBXFrameworksBuildPhase section */

/* Begin PBXGroup section */
		01CAEB37201BB22800AC556B /* Controllers */ = {
			isa = PBXGroup;
			children = (
				01EB57692000562800686767 /* StompboxViewController.swift */,
				01A58F3A200FF4DD00DD5BF3 /* StompboxDetailViewController.swift */,
			);
			path = Controllers;
			sourceTree = "<group>";
		};
		01CAEB38201BB23900AC556B /* Models */ = {
			isa = PBXGroup;
			children = (
				01EB576D200058D700686767 /* CoreDataStack.swift */,
				01CAEB8A2028BBD100AC556B /* Setting */,
			);
			path = Models;
			sourceTree = "<group>";
		};
		01CAEB39201BB25F00AC556B /* Views */ = {
			isa = PBXGroup;
			children = (
				01EB576B2000578800686767 /* StompboxCell.swift */,
				01CAEB8E202A427800AC556B /* SettingCell.swift */,
				01CAEB90202A42FE00AC556B /* KnobView.swift */,
			);
			path = Views;
			sourceTree = "<group>";
		};
		01CAEB3A201BB26B00AC556B /* Utilities */ = {
			isa = PBXGroup;
			children = (
				01EB57632000130C00686767 /* Functions.swift */,
			);
			path = Utilities;
			sourceTree = "<group>";
		};
		01CAEB8A2028BBD100AC556B /* Setting */ = {
			isa = PBXGroup;
			children = (
				01CAEB872028B8B500AC556B /* SettingObject.swift */,
				01CAEB7A2023866400AC556B /* Knob.swift */,
				01CAEB7F2023AFCB00AC556B /* Switch.swift */,
				017D97A2202CC087009F2F7E /* Knobs.swift */,
			);
			path = Setting;
			sourceTree = "<group>";
		};
		01EB57422000123700686767 = {
			isa = PBXGroup;
			children = (
				017D979E202BB096009F2F7E /* Setting+CoreDataClass.swift */,
				017D979F202BB096009F2F7E /* Setting+CoreDataProperties.swift */,
				01CAEB72202385E200AC556B /* Stompbox+CoreDataClass.swift */,
				01CAEB73202385E200AC556B /* Stompbox+CoreDataProperties.swift */,
				01EB57552000123700686767 /* Stompbox_2.xcdatamodeld */,
				01EB574D2000123700686767 /* Stompbox_2 */,
				01EB574C2000123700686767 /* Products */,
			);
			sourceTree = "<group>";
		};
		01EB574C2000123700686767 /* Products */ = {
			isa = PBXGroup;
			children = (
				01EB574B2000123700686767 /* Stompbox_2.app */,
			);
			name = Products;
			sourceTree = "<group>";
		};
		01EB574D2000123700686767 /* Stompbox_2 */ = {
			isa = PBXGroup;
			children = (
				01EB575D2000123800686767 /* Info.plist */,
				01EB574E2000123700686767 /* AppDelegate.swift */,
				01EB57582000123700686767 /* Assets.xcassets */,
				01CAEB37201BB22800AC556B /* Controllers */,
				01EB575A2000123700686767 /* LaunchScreen.storyboard */,
				01EB57522000123700686767 /* Main.storyboard */,
				01CAEB38201BB23900AC556B /* Models */,
				01CAEB3A201BB26B00AC556B /* Utilities */,
				01CAEB39201BB25F00AC556B /* Views */,
			);
			path = Stompbox_2;
			sourceTree = "<group>";
		};
/* End PBXGroup section */

/* Begin PBXNativeTarget section */
		01EB574A2000123700686767 /* Stompbox_2 */ = {
			isa = PBXNativeTarget;
			buildConfigurationList = 01EB57602000123800686767 /* Build configuration list for PBXNativeTarget "Stompbox_2" */;
			buildPhases = (
				01EB57472000123700686767 /* Sources */,
				01EB57482000123700686767 /* Frameworks */,
				01EB57492000123700686767 /* Resources */,
			);
			buildRules = (
			);
			dependencies = (
			);
			name = Stompbox_2;
			productName = Stompbox_2;
			productReference = 01EB574B2000123700686767 /* Stompbox_2.app */;
			productType = "com.apple.product-type.application";
		};
/* End PBXNativeTarget section */

/* Begin PBXProject section */
		01EB57432000123700686767 /* Project object */ = {
			isa = PBXProject;
			attributes = {
				LastSwiftUpdateCheck = 0920;
				LastUpgradeCheck = 0920;
				ORGANIZATIONNAME = "Nicholas Rizzo";
				TargetAttributes = {
					01EB574A2000123700686767 = {
						CreatedOnToolsVersion = 9.2;
						ProvisioningStyle = Automatic;
					};
				};
			};
			buildConfigurationList = 01EB57462000123700686767 /* Build configuration list for PBXProject "Stompbox_2" */;
			compatibilityVersion = "Xcode 8.0";
			developmentRegion = en;
			hasScannedForEncodings = 0;
			knownRegions = (
				en,
				Base,
			);
			mainGroup = 01EB57422000123700686767;
			productRefGroup = 01EB574C2000123700686767 /* Products */;
			projectDirPath = "";
			projectRoot = "";
			targets = (
				01EB574A2000123700686767 /* Stompbox_2 */,
			);
		};
/* End PBXProject section */

/* Begin PBXResourcesBuildPhase section */
		01EB57492000123700686767 /* Resources */ = {
			isa = PBXResourcesBuildPhase;
			buildActionMask = 2147483647;
			files = (
				01EB575C2000123700686767 /* LaunchScreen.storyboard in Resources */,
				01EB57592000123700686767 /* Assets.xcassets in Resources */,
				01EB57542000123700686767 /* Main.storyboard in Resources */,
			);
			runOnlyForDeploymentPostprocessing = 0;
		};
/* End PBXResourcesBuildPhase section */

/* Begin PBXSourcesBuildPhase section */
		01EB57472000123700686767 /* Sources */ = {
			isa = PBXSourcesBuildPhase;
			buildActionMask = 2147483647;
			files = (
				01EB576E200058D700686767 /* CoreDataStack.swift in Sources */,
				01CAEB77202385E200AC556B /* Stompbox+CoreDataProperties.swift in Sources */,
				01CAEB91202A42FE00AC556B /* KnobView.swift in Sources */,
				01EB57572000123700686767 /* Stompbox_2.xcdatamodeld in Sources */,
				01EB574F2000123700686767 /* AppDelegate.swift in Sources */,
				01CAEB882028B8B500AC556B /* SettingObject.swift in Sources */,
				01EB576C2000578800686767 /* StompboxCell.swift in Sources */,
				01EB57642000130C00686767 /* Functions.swift in Sources */,
				017D97A3202CC087009F2F7E /* Knobs.swift in Sources */,
				017D97A1202BB096009F2F7E /* Setting+CoreDataProperties.swift in Sources */,
				01CAEB8F202A427800AC556B /* SettingCell.swift in Sources */,
				01CAEB7B2023866400AC556B /* Knob.swift in Sources */,
				017D97A0202BB096009F2F7E /* Setting+CoreDataClass.swift in Sources */,
				01CAEB802023AFCB00AC556B /* Switch.swift in Sources */,
				01EB576A2000562800686767 /* StompboxViewController.swift in Sources */,
				01A58F3B200FF4DD00DD5BF3 /* StompboxDetailViewController.swift in Sources */,
				01CAEB76202385E200AC556B /* Stompbox+CoreDataClass.swift in Sources */,
			);
			runOnlyForDeploymentPostprocessing = 0;
		};
/* End PBXSourcesBuildPhase section */

/* Begin PBXVariantGroup section */
		01EB57522000123700686767 /* Main.storyboard */ = {
			isa = PBXVariantGroup;
			children = (
				01EB57532000123700686767 /* Base */,
			);
			name = Main.storyboard;
			sourceTree = "<group>";
		};
		01EB575A2000123700686767 /* LaunchScreen.storyboard */ = {
			isa = PBXVariantGroup;
			children = (
				01EB575B2000123700686767 /* Base */,
			);
			name = LaunchScreen.storyboard;
			sourceTree = "<group>";
		};
/* End PBXVariantGroup section */

/* Begin XCBuildConfiguration section */
		01EB575E2000123800686767 /* Debug */ = {
			isa = XCBuildConfiguration;
			buildSettings = {
				ALWAYS_SEARCH_USER_PATHS = NO;
				CLANG_ANALYZER_NONNULL = YES;
				CLANG_ANALYZER_NUMBER_OBJECT_CONVERSION = YES_AGGRESSIVE;
				CLANG_CXX_LANGUAGE_STANDARD = "gnu++14";
				CLANG_CXX_LIBRARY = "libc++";
				CLANG_ENABLE_MODULES = YES;
				CLANG_ENABLE_OBJC_ARC = YES;
				CLANG_WARN_BLOCK_CAPTURE_AUTORELEASING = YES;
				CLANG_WARN_BOOL_CONVERSION = YES;
				CLANG_WARN_COMMA = YES;
				CLANG_WARN_CONSTANT_CONVERSION = YES;
				CLANG_WARN_DIRECT_OBJC_ISA_USAGE = YES_ERROR;
				CLANG_WARN_DOCUMENTATION_COMMENTS = YES;
				CLANG_WARN_EMPTY_BODY = YES;
				CLANG_WARN_ENUM_CONVERSION = YES;
				CLANG_WARN_INFINITE_RECURSION = YES;
				CLANG_WARN_INT_CONVERSION = YES;
				CLANG_WARN_NON_LITERAL_NULL_CONVERSION = YES;
				CLANG_WARN_OBJC_LITERAL_CONVERSION = YES;
				CLANG_WARN_OBJC_ROOT_CLASS = YES_ERROR;
				CLANG_WARN_RANGE_LOOP_ANALYSIS = YES;
				CLANG_WARN_STRICT_PROTOTYPES = YES;
				CLANG_WARN_SUSPICIOUS_MOVE = YES;
				CLANG_WARN_UNGUARDED_AVAILABILITY = YES_AGGRESSIVE;
				CLANG_WARN_UNREACHABLE_CODE = YES;
				CLANG_WARN__DUPLICATE_METHOD_MATCH = YES;
				CODE_SIGN_IDENTITY = "iPhone Developer";
				COPY_PHASE_STRIP = NO;
				DEBUG_INFORMATION_FORMAT = dwarf;
				ENABLE_STRICT_OBJC_MSGSEND = YES;
				ENABLE_TESTABILITY = YES;
				GCC_C_LANGUAGE_STANDARD = gnu11;
				GCC_DYNAMIC_NO_PIC = NO;
				GCC_NO_COMMON_BLOCKS = YES;
				GCC_OPTIMIZATION_LEVEL = 0;
				GCC_PREPROCESSOR_DEFINITIONS = (
					"DEBUG=1",
					"$(inherited)",
				);
				GCC_WARN_64_TO_32_BIT_CONVERSION = YES;
				GCC_WARN_ABOUT_RETURN_TYPE = YES_ERROR;
				GCC_WARN_UNDECLARED_SELECTOR = YES;
				GCC_WARN_UNINITIALIZED_AUTOS = YES_AGGRESSIVE;
				GCC_WARN_UNUSED_FUNCTION = YES;
				GCC_WARN_UNUSED_VARIABLE = YES;
				IPHONEOS_DEPLOYMENT_TARGET = 11.2;
				MTL_ENABLE_DEBUG_INFO = YES;
				ONLY_ACTIVE_ARCH = YES;
				SDKROOT = iphoneos;
				SWIFT_ACTIVE_COMPILATION_CONDITIONS = DEBUG;
				SWIFT_OPTIMIZATION_LEVEL = "-Onone";
			};
			name = Debug;
		};
		01EB575F2000123800686767 /* Release */ = {
			isa = XCBuildConfiguration;
			buildSettings = {
				ALWAYS_SEARCH_USER_PATHS = NO;
				CLANG_ANALYZER_NONNULL = YES;
				CLANG_ANALYZER_NUMBER_OBJECT_CONVERSION = YES_AGGRESSIVE;
				CLANG_CXX_LANGUAGE_STANDARD = "gnu++14";
				CLANG_CXX_LIBRARY = "libc++";
				CLANG_ENABLE_MODULES = YES;
				CLANG_ENABLE_OBJC_ARC = YES;
				CLANG_WARN_BLOCK_CAPTURE_AUTORELEASING = YES;
				CLANG_WARN_BOOL_CONVERSION = YES;
				CLANG_WARN_COMMA = YES;
				CLANG_WARN_CONSTANT_CONVERSION = YES;
				CLANG_WARN_DIRECT_OBJC_ISA_USAGE = YES_ERROR;
				CLANG_WARN_DOCUMENTATION_COMMENTS = YES;
				CLANG_WARN_EMPTY_BODY = YES;
				CLANG_WARN_ENUM_CONVERSION = YES;
				CLANG_WARN_INFINITE_RECURSION = YES;
				CLANG_WARN_INT_CONVERSION = YES;
				CLANG_WARN_NON_LITERAL_NULL_CONVERSION = YES;
				CLANG_WARN_OBJC_LITERAL_CONVERSION = YES;
				CLANG_WARN_OBJC_ROOT_CLASS = YES_ERROR;
				CLANG_WARN_RANGE_LOOP_ANALYSIS = YES;
				CLANG_WARN_STRICT_PROTOTYPES = YES;
				CLANG_WARN_SUSPICIOUS_MOVE = YES;
				CLANG_WARN_UNGUARDED_AVAILABILITY = YES_AGGRESSIVE;
				CLANG_WARN_UNREACHABLE_CODE = YES;
				CLANG_WARN__DUPLICATE_METHOD_MATCH = YES;
				CODE_SIGN_IDENTITY = "iPhone Developer";
				COPY_PHASE_STRIP = NO;
				DEBUG_INFORMATION_FORMAT = "dwarf-with-dsym";
				ENABLE_NS_ASSERTIONS = NO;
				ENABLE_STRICT_OBJC_MSGSEND = YES;
				GCC_C_LANGUAGE_STANDARD = gnu11;
				GCC_NO_COMMON_BLOCKS = YES;
				GCC_WARN_64_TO_32_BIT_CONVERSION = YES;
				GCC_WARN_ABOUT_RETURN_TYPE = YES_ERROR;
				GCC_WARN_UNDECLARED_SELECTOR = YES;
				GCC_WARN_UNINITIALIZED_AUTOS = YES_AGGRESSIVE;
				GCC_WARN_UNUSED_FUNCTION = YES;
				GCC_WARN_UNUSED_VARIABLE = YES;
				IPHONEOS_DEPLOYMENT_TARGET = 11.2;
				MTL_ENABLE_DEBUG_INFO = NO;
				SDKROOT = iphoneos;
				SWIFT_OPTIMIZATION_LEVEL = "-Owholemodule";
				VALIDATE_PRODUCT = YES;
			};
			name = Release;
		};
		01EB57612000123800686767 /* Debug */ = {
			isa = XCBuildConfiguration;
			buildSettings = {
				ASSETCATALOG_COMPILER_APPICON_NAME = AppIcon;
				CODE_SIGN_STYLE = Automatic;
				DEVELOPMENT_TEAM = GMKUUDGR73;
				INFOPLIST_FILE = Stompbox_2/Info.plist;
				LD_RUNPATH_SEARCH_PATHS = "$(inherited) @executable_path/Frameworks";
				PRODUCT_BUNDLE_IDENTIFIER = "com.AdriftingUp.Stompbox-2";
				PRODUCT_NAME = "$(TARGET_NAME)";
				SWIFT_VERSION = 4.0;
				TARGETED_DEVICE_FAMILY = "1,2";
			};
			name = Debug;
		};
		01EB57622000123800686767 /* Release */ = {
			isa = XCBuildConfiguration;
			buildSettings = {
				ASSETCATALOG_COMPILER_APPICON_NAME = AppIcon;
				CODE_SIGN_STYLE = Automatic;
				DEVELOPMENT_TEAM = GMKUUDGR73;
				INFOPLIST_FILE = Stompbox_2/Info.plist;
				LD_RUNPATH_SEARCH_PATHS = "$(inherited) @executable_path/Frameworks";
				PRODUCT_BUNDLE_IDENTIFIER = "com.AdriftingUp.Stompbox-2";
				PRODUCT_NAME = "$(TARGET_NAME)";
				SWIFT_VERSION = 4.0;
				TARGETED_DEVICE_FAMILY = "1,2";
			};
			name = Release;
		};
/* End XCBuildConfiguration section */

/* Begin XCConfigurationList section */
		01EB57462000123700686767 /* Build configuration list for PBXProject "Stompbox_2" */ = {
			isa = XCConfigurationList;
			buildConfigurations = (
				01EB575E2000123800686767 /* Debug */,
				01EB575F2000123800686767 /* Release */,
			);
			defaultConfigurationIsVisible = 0;
			defaultConfigurationName = Release;
		};
		01EB57602000123800686767 /* Build configuration list for PBXNativeTarget "Stompbox_2" */ = {
			isa = XCConfigurationList;
			buildConfigurations = (
				01EB57612000123800686767 /* Debug */,
				01EB57622000123800686767 /* Release */,
			);
			defaultConfigurationIsVisible = 0;
			defaultConfigurationName = Release;
		};
/* End XCConfigurationList section */

/* Begin XCVersionGroup section */
		01EB57552000123700686767 /* Stompbox_2.xcdatamodeld */ = {
			isa = XCVersionGroup;
			children = (
				01EB57562000123700686767 /* Stompbox_2.xcdatamodel */,
			);
			currentVersion = 01EB57562000123700686767 /* Stompbox_2.xcdatamodel */;
			path = Stompbox_2.xcdatamodeld;
			sourceTree = "<group>";
			versionGroupType = wrapper.xcdatamodel;
		};
/* End XCVersionGroup section */
	};
	rootObject = 01EB57432000123700686767 /* Project object */;
}
